
Microsoft Visual Studio Solution File, Format Version 12.00
# Visual Studio 15
VisualStudioVersion = 15.0.28307.271
MinimumVisualStudioVersion = 10.0.40219.1
Project("{FAE04EC0-301F-11D3-BF4B-00C04F79EFBC}") = "Trash_Collector_Project", "Trash_Collector_Project\Trash_Collector_Project.csproj", "{05111C7B-578A-487E-B803-B6C334C177B6}"
EndProject
Global
	GlobalSection(SolutionConfigurationPlatforms) = preSolution
		Debug|Any CPU = Debug|Any CPU
		Release|Any CPU = Release|Any CPU
	EndGlobalSection
	GlobalSection(ProjectConfigurationPlatforms) = postSolution
		{05111C7B-578A-487E-B803-B6C334C177B6}.Debug|Any CPU.ActiveCfg = Debug|Any CPU
		{05111C7B-578A-487E-B803-B6C334C177B6}.Debug|Any CPU.Build.0 = Debug|Any CPU
		{05111C7B-578A-487E-B803-B6C334C177B6}.Release|Any CPU.ActiveCfg = Release|Any CPU
		{05111C7B-578A-487E-B803-B6C334C177B6}.Release|Any CPU.Build.0 = Release|Any CPU
	EndGlobalSection
	GlobalSection(SolutionProperties) = preSolution
		HideSolutionNode = FALSE
	EndGlobalSection
	GlobalSection(ExtensibilityGlobals) = postSolution
		SolutionGuid = {5D540D25-B479-4A8D-80FC-DE15A03C3E5C}
	EndGlobalSection
EndGlobal
